{
  "name": "code",
  "version": "1.0.0",
  "lockfileVersion": 1,
  "requires": true,
  "dependencies": {
    "chart": {
      "version": "0.1.2",
      "resolved": "https://registry.npm.taobao.org/chart/download/chart-0.1.2.tgz",
      "integrity": "sha1-adnpFsJqi+2Fsp34Asdjq1KX0xg=",
      "requires": {
        "hashish": "^0.0.4",
        "hat": "^0.0.3",
        "mrcolor": "https://github.com/rook2pawn/mrcolor/archive/master.tar.gz"
      }
    },
    "chart.js": {
      "version": "1.1.1",
      "resolved": "https://registry.npm.taobao.org/chart.js/download/chart.js-1.1.1.tgz",
      "integrity": "sha1-qbFwVCIL1Fy9sXb9a8uHg++HGn0="
    },
    "color-convert": {
      "version": "0.2.1",
      "resolved": "https://registry.npm.taobao.org/color-convert/download/color-convert-0.2.1.tgz?cache=0&sync_timestamp=1566248870121&other_urls=https%3A%2F%2Fregistry.npm.taobao.org%2Fcolor-convert%2Fdownload%2Fcolor-convert-0.2.1.tgz",
      "integrity": "sha1-NjyrI8lLMaDWTbcQSLjGqUD4xow="
    },
    "hashish": {
      "version": "0.0.4",
      "resolved": "https://registry.npm.taobao.org/hashish/download/hashish-0.0.4.tgz",
      "integrity": "sha1-bWC8b/r3Ebav1g5CbQd5iAFOZVQ=",
      "requires": {
        "traverse": ">=0.2.4"
      }
    },
    "hat": {
      "version": "0.0.3",
      "resolved": "https://registry.npm.taobao.org/hat/download/hat-0.0.3.tgz",
      "integrity": "sha1-uwFKnmSzeIrtgAWRdBPU/z1QLYo="
    },
    "mrcolor": {
      "version": "https://github.com/rook2pawn/mrcolor/archive/master.tar.gz",
      "integrity": "sha512-feteSepg0FRp0fW3RafigAjU7gXiiaa4OlMW39FEmcvQPbD7Zlpc2PSu4hVBPSBR4XNee8n6EjCTfK0O37DL5A==",
      "requires": {
        "color-convert": "0.2.x"
      }
    },
    "traverse": {
      "version": "0.6.6",
      "resolved": "https://registry.npm.taobao.org/traverse/download/traverse-0.6.6.tgz",
      "integrity": "sha1-y99WD9e5r2MlAv7UD5GMFX6pcTc="
    }
  }
}
